
Microsoft Visual Studio Solution File, Format Version 12.00
# Visual Studio 15
Project("{D954291E-2A0B-460D-934E-DC6B0785DB48}") = "Tiriryarai", "Tiriryarai\Tiriryarai.shproj", "{6AB84BA3-2896-4A53-AFE5-37964036AF1F}"
EndProject
Project("{D954291E-2A0B-460D-934E-DC6B0785DB48}") = "Tiriryarai.Http", "Tiriryarai\Tiriryarai.Http\Tiriryarai.Http.shproj", "{9C9CA888-CD1B-443B-BBB8-99859E7F3EB4}"
EndProject
Project("{FAE04EC0-301F-11D3-BF4B-00C04F79EFBC}") = "MiddleMan", "Plugins\MiddleMan\MiddleMan.csproj", "{D593687D-0151-4305-B263-522A52EA4478}"
EndProject
Project("{FAE04EC0-301F-11D3-BF4B-00C04F79EFBC}") = "TuxEverywhere", "Plugins\TuxEverywhere\TuxEverywhere.csproj", "{BDACCD8E-80D9-4AEE-8873-8CC9E2F9D9EA}"
EndProject
Global
	GlobalSection(SolutionConfigurationPlatforms) = preSolution
		Debug|x86 = Debug|x86
		Release|x86 = Release|x86
	EndGlobalSection
	GlobalSection(ProjectConfigurationPlatforms) = postSolution
		{D593687D-0151-4305-B263-522A52EA4478}.Debug|x86.ActiveCfg = Debug|x86
		{D593687D-0151-4305-B263-522A52EA4478}.Debug|x86.Build.0 = Debug|x86
		{D593687D-0151-4305-B263-522A52EA4478}.Release|x86.ActiveCfg = Release|x86
		{D593687D-0151-4305-B263-522A52EA4478}.Release|x86.Build.0 = Release|x86
		{BDACCD8E-80D9-4AEE-8873-8CC9E2F9D9EA}.Debug|x86.ActiveCfg = Debug|x86
		{BDACCD8E-80D9-4AEE-8873-8CC9E2F9D9EA}.Debug|x86.Build.0 = Debug|x86
		{BDACCD8E-80D9-4AEE-8873-8CC9E2F9D9EA}.Release|x86.ActiveCfg = Release|x86
		{BDACCD8E-80D9-4AEE-8873-8CC9E2F9D9EA}.Release|x86.Build.0 = Release|x86
	EndGlobalSection
	GlobalSection(MonoDevelopProperties) = preSolution
		Policies = $0
		$0.TextStylePolicy = $1
		$1.FileWidth = 80
		$1.scope = text/x-csharp
		$0.CSharpFormattingPolicy = $2
		$2.scope = text/x-csharp
	EndGlobalSection
EndGlobal
